Microsoft Visual Studio Solution File, Format Version 11.00
# Visual Studio 2008

Project("{4B46331D-30F6-BE30-A8BC-64B50C216D55}") = "GGJ17", "Assembly-CSharp.csproj", "{535A3779-B420-BD88-A7BE-160C9B172EAE}"
EndProject
Project("{4B46331D-30F6-BE30-A8BC-64B50C216D55}") = "GGJ17", "Assembly-CSharp-Editor.csproj", "{6A1F89DD-D879-BBBA-9395-157621DB54AF}"
EndProject
Global
	GlobalSection(SolutionConfigurationPlatforms) = preSolution
		Debug|Any CPU = Debug|Any CPU
		Release|Any CPU = Release|Any CPU
	EndGlobalSection
	GlobalSection(ProjectConfigurationPlatforms) = postSolution
		{535A3779-B420-BD88-A7BE-160C9B172EAE}.Debug|Any CPU.ActiveCfg = Debug|Any CPU
		{535A3779-B420-BD88-A7BE-160C9B172EAE}.Debug|Any CPU.Build.0 = Debug|Any CPU
		{535A3779-B420-BD88-A7BE-160C9B172EAE}.Release|Any CPU.ActiveCfg = Release|Any CPU
		{535A3779-B420-BD88-A7BE-160C9B172EAE}.Release|Any CPU.Build.0 = Release|Any CPU
		{6A1F89DD-D879-BBBA-9395-157621DB54AF}.Debug|Any CPU.ActiveCfg = Debug|Any CPU
		{6A1F89DD-D879-BBBA-9395-157621DB54AF}.Debug|Any CPU.Build.0 = Debug|Any CPU
		{6A1F89DD-D879-BBBA-9395-157621DB54AF}.Release|Any CPU.ActiveCfg = Release|Any CPU
		{6A1F89DD-D879-BBBA-9395-157621DB54AF}.Release|Any CPU.Build.0 = Release|Any CPU
	EndGlobalSection
	GlobalSection(SolutionProperties) = preSolution
		HideSolutionNode = FALSE
	EndGlobalSection
	GlobalSection(MonoDevelopProperties) = preSolution
		StartupItem = Assembly-CSharp.csproj
	EndGlobalSection
EndGlobal
